
Microsoft Visual Studio Solution File, Format Version 12.00
# Visual Studio 2012
Project("{8BC9CEB8-8B4A-11D0-8D11-00A0C91BC942}") = "Sample3.9", "Sample3.9.vcxproj", "{8128F614-E7AD-4BCB-8C3E-E46E252E0A8E}"
EndProject
Global
	GlobalSection(SolutionConfigurationPlatforms) = preSolution
		Debug|Win32 = Debug|Win32
		Release|Win32 = Release|Win32
	EndGlobalSection
	GlobalSection(ProjectConfigurationPlatforms) = postSolution
		{8128F614-E7AD-4BCB-8C3E-E46E252E0A8E}.Debug|Win32.ActiveCfg = Debug|Win32
		{8128F614-E7AD-4BCB-8C3E-E46E252E0A8E}.Debug|Win32.Build.0 = Debug|Win32
		{8128F614-E7AD-4BCB-8C3E-E46E252E0A8E}.Release|Win32.ActiveCfg = Release|Win32
		{8128F614-E7AD-4BCB-8C3E-E46E252E0A8E}.Release|Win32.Build.0 = Release|Win32
	EndGlobalSection
	GlobalSection(SolutionProperties) = preSolution
		HideSolutionNode = FALSE
	EndGlobalSection
EndGlobal
