
Microsoft Visual Studio Solution File, Format Version 12.00
# Visual Studio 2012
Project("{8BC9CEB8-8B4A-11D0-8D11-00A0C91BC942}") = "Sample4.19", "Sample4.19.vcxproj", "{6601417B-18EC-4A0C-8D73-2A7B26CE64D7}"
EndProject
Global
	GlobalSection(SolutionConfigurationPlatforms) = preSolution
		Debug|Win32 = Debug|Win32
		Release|Win32 = Release|Win32
	EndGlobalSection
	GlobalSection(ProjectConfigurationPlatforms) = postSolution
		{6601417B-18EC-4A0C-8D73-2A7B26CE64D7}.Debug|Win32.ActiveCfg = Debug|Win32
		{6601417B-18EC-4A0C-8D73-2A7B26CE64D7}.Debug|Win32.Build.0 = Debug|Win32
		{6601417B-18EC-4A0C-8D73-2A7B26CE64D7}.Release|Win32.ActiveCfg = Release|Win32
		{6601417B-18EC-4A0C-8D73-2A7B26CE64D7}.Release|Win32.Build.0 = Release|Win32
	EndGlobalSection
	GlobalSection(SolutionProperties) = preSolution
		HideSolutionNode = FALSE
	EndGlobalSection
EndGlobal
