
Microsoft Visual Studio Solution File, Format Version 12.00
# Visual Studio 2012
Project("{8BC9CEB8-8B4A-11D0-8D11-00A0C91BC942}") = "Sample3.4", "Sample3.4.vcxproj", "{1691207D-68C9-4353-9757-A87EC2594225}"
EndProject
Global
	GlobalSection(SolutionConfigurationPlatforms) = preSolution
		Debug|Win32 = Debug|Win32
		Release|Win32 = Release|Win32
	EndGlobalSection
	GlobalSection(ProjectConfigurationPlatforms) = postSolution
		{1691207D-68C9-4353-9757-A87EC2594225}.Debug|Win32.ActiveCfg = Debug|Win32
		{1691207D-68C9-4353-9757-A87EC2594225}.Debug|Win32.Build.0 = Debug|Win32
		{1691207D-68C9-4353-9757-A87EC2594225}.Release|Win32.ActiveCfg = Release|Win32
		{1691207D-68C9-4353-9757-A87EC2594225}.Release|Win32.Build.0 = Release|Win32
	EndGlobalSection
	GlobalSection(SolutionProperties) = preSolution
		HideSolutionNode = FALSE
	EndGlobalSection
EndGlobal
