
Microsoft Visual Studio Solution File, Format Version 12.00
# Visual Studio 2012
Project("{8BC9CEB8-8B4A-11D0-8D11-00A0C91BC942}") = "Sample2.21", "Sample2.21.vcxproj", "{7539D825-640C-44AD-A3C6-79B60A0E3E7E}"
EndProject
Global
	GlobalSection(SolutionConfigurationPlatforms) = preSolution
		Debug|Win32 = Debug|Win32
		Release|Win32 = Release|Win32
	EndGlobalSection
	GlobalSection(ProjectConfigurationPlatforms) = postSolution
		{7539D825-640C-44AD-A3C6-79B60A0E3E7E}.Debug|Win32.ActiveCfg = Debug|Win32
		{7539D825-640C-44AD-A3C6-79B60A0E3E7E}.Debug|Win32.Build.0 = Debug|Win32
		{7539D825-640C-44AD-A3C6-79B60A0E3E7E}.Release|Win32.ActiveCfg = Release|Win32
		{7539D825-640C-44AD-A3C6-79B60A0E3E7E}.Release|Win32.Build.0 = Release|Win32
	EndGlobalSection
	GlobalSection(SolutionProperties) = preSolution
		HideSolutionNode = FALSE
	EndGlobalSection
EndGlobal
