
Microsoft Visual Studio Solution File, Format Version 12.00
# Visual Studio 2012
Project("{8BC9CEB8-8B4A-11D0-8D11-00A0C91BC942}") = "Sample4.4", "Sample4.4.vcxproj", "{2B6B0D66-D772-4CAB-8984-6D208AF0A145}"
EndProject
Global
	GlobalSection(SolutionConfigurationPlatforms) = preSolution
		Debug|Win32 = Debug|Win32
		Release|Win32 = Release|Win32
	EndGlobalSection
	GlobalSection(ProjectConfigurationPlatforms) = postSolution
		{2B6B0D66-D772-4CAB-8984-6D208AF0A145}.Debug|Win32.ActiveCfg = Debug|Win32
		{2B6B0D66-D772-4CAB-8984-6D208AF0A145}.Debug|Win32.Build.0 = Debug|Win32
		{2B6B0D66-D772-4CAB-8984-6D208AF0A145}.Release|Win32.ActiveCfg = Release|Win32
		{2B6B0D66-D772-4CAB-8984-6D208AF0A145}.Release|Win32.Build.0 = Release|Win32
	EndGlobalSection
	GlobalSection(SolutionProperties) = preSolution
		HideSolutionNode = FALSE
	EndGlobalSection
EndGlobal
