
Microsoft Visual Studio Solution File, Format Version 12.00
# Visual Studio 2012
Project("{8BC9CEB8-8B4A-11D0-8D11-00A0C91BC942}") = "Sample4.29", "Sample4.29.vcxproj", "{9528E7F9-F41C-4711-AA55-9262F367D033}"
EndProject
Global
	GlobalSection(SolutionConfigurationPlatforms) = preSolution
		Debug|Win32 = Debug|Win32
		Release|Win32 = Release|Win32
	EndGlobalSection
	GlobalSection(ProjectConfigurationPlatforms) = postSolution
		{9528E7F9-F41C-4711-AA55-9262F367D033}.Debug|Win32.ActiveCfg = Debug|Win32
		{9528E7F9-F41C-4711-AA55-9262F367D033}.Debug|Win32.Build.0 = Debug|Win32
		{9528E7F9-F41C-4711-AA55-9262F367D033}.Release|Win32.ActiveCfg = Release|Win32
		{9528E7F9-F41C-4711-AA55-9262F367D033}.Release|Win32.Build.0 = Release|Win32
	EndGlobalSection
	GlobalSection(SolutionProperties) = preSolution
		HideSolutionNode = FALSE
	EndGlobalSection
EndGlobal
