
Microsoft Visual Studio Solution File, Format Version 12.00
# Visual Studio 2012
Project("{8BC9CEB8-8B4A-11D0-8D11-00A0C91BC942}") = "Sample3.7", "Sample3.7.vcxproj", "{DDCF93CE-A43A-41D0-99BF-7AA79A74368C}"
EndProject
Global
	GlobalSection(SolutionConfigurationPlatforms) = preSolution
		Debug|Win32 = Debug|Win32
		Release|Win32 = Release|Win32
	EndGlobalSection
	GlobalSection(ProjectConfigurationPlatforms) = postSolution
		{DDCF93CE-A43A-41D0-99BF-7AA79A74368C}.Debug|Win32.ActiveCfg = Debug|Win32
		{DDCF93CE-A43A-41D0-99BF-7AA79A74368C}.Debug|Win32.Build.0 = Debug|Win32
		{DDCF93CE-A43A-41D0-99BF-7AA79A74368C}.Release|Win32.ActiveCfg = Release|Win32
		{DDCF93CE-A43A-41D0-99BF-7AA79A74368C}.Release|Win32.Build.0 = Release|Win32
	EndGlobalSection
	GlobalSection(SolutionProperties) = preSolution
		HideSolutionNode = FALSE
	EndGlobalSection
EndGlobal
