
Microsoft Visual Studio Solution File, Format Version 12.00
# Visual Studio 2012
Project("{8BC9CEB8-8B4A-11D0-8D11-00A0C91BC942}") = "Sample3.8", "Sample3.8.vcxproj", "{230015C3-C70D-4F51-84C0-1F8FB59043B5}"
EndProject
Global
	GlobalSection(SolutionConfigurationPlatforms) = preSolution
		Debug|Win32 = Debug|Win32
		Release|Win32 = Release|Win32
	EndGlobalSection
	GlobalSection(ProjectConfigurationPlatforms) = postSolution
		{230015C3-C70D-4F51-84C0-1F8FB59043B5}.Debug|Win32.ActiveCfg = Debug|Win32
		{230015C3-C70D-4F51-84C0-1F8FB59043B5}.Debug|Win32.Build.0 = Debug|Win32
		{230015C3-C70D-4F51-84C0-1F8FB59043B5}.Release|Win32.ActiveCfg = Release|Win32
		{230015C3-C70D-4F51-84C0-1F8FB59043B5}.Release|Win32.Build.0 = Release|Win32
	EndGlobalSection
	GlobalSection(SolutionProperties) = preSolution
		HideSolutionNode = FALSE
	EndGlobalSection
EndGlobal
